
Microsoft Visual Studio Solution File, Format Version 12.00
# Visual Studio Version 16
VisualStudioVersion = 16.0.28705.295
MinimumVisualStudioVersion = 10.0.40219.1
Project("{9A19103F-16F7-4668-BE54-9A1E7A4F7556}") = "imposition-test-pdfs", "imposition-test-pdfs\imposition-test-pdfs.csproj", "{52A904BA-AF08-4AC2-8400-FE3588C46ABC}"
EndProject
Project("{9A19103F-16F7-4668-BE54-9A1E7A4F7556}") = "imposition-test-pdfs.test", "imposition-test-pdfs.test\imposition-test-pdfs.test.csproj", "{9BE3B53D-7B02-4D5E-80EA-B0E6D9781AB0}"
EndProject
Project("{2150E333-8FDC-42A3-9474-1A3956D46DE8}") = "Solution Items", "Solution Items", "{EB622E51-47F2-4F80-A31B-844F63DE9D99}"
	ProjectSection(SolutionItems) = preProject
		..\.travis.yml = ..\.travis.yml
	EndProjectSection
EndProject
Global
	GlobalSection(SolutionConfigurationPlatforms) = preSolution
		Debug|Any CPU = Debug|Any CPU
		Release|Any CPU = Release|Any CPU
	EndGlobalSection
	GlobalSection(ProjectConfigurationPlatforms) = postSolution
		{52A904BA-AF08-4AC2-8400-FE3588C46ABC}.Debug|Any CPU.ActiveCfg = Debug|Any CPU
		{52A904BA-AF08-4AC2-8400-FE3588C46ABC}.Debug|Any CPU.Build.0 = Debug|Any CPU
		{52A904BA-AF08-4AC2-8400-FE3588C46ABC}.Release|Any CPU.ActiveCfg = Release|Any CPU
		{52A904BA-AF08-4AC2-8400-FE3588C46ABC}.Release|Any CPU.Build.0 = Release|Any CPU
		{9BE3B53D-7B02-4D5E-80EA-B0E6D9781AB0}.Debug|Any CPU.ActiveCfg = Debug|Any CPU
		{9BE3B53D-7B02-4D5E-80EA-B0E6D9781AB0}.Debug|Any CPU.Build.0 = Debug|Any CPU
		{9BE3B53D-7B02-4D5E-80EA-B0E6D9781AB0}.Release|Any CPU.ActiveCfg = Release|Any CPU
		{9BE3B53D-7B02-4D5E-80EA-B0E6D9781AB0}.Release|Any CPU.Build.0 = Release|Any CPU
	EndGlobalSection
	GlobalSection(SolutionProperties) = preSolution
		HideSolutionNode = FALSE
	EndGlobalSection
	GlobalSection(ExtensibilityGlobals) = postSolution
		SolutionGuid = {62187AB7-E823-4B27-818E-C3F062501EE4}
	EndGlobalSection
EndGlobal
